
Microsoft Visual Studio Solution File, Format Version 12.00
# Visual Studio 15
VisualStudioVersion = 15.0.27130.2027
MinimumVisualStudioVersion = 10.0.40219.1
Project("{FAE04EC0-301F-11D3-BF4B-00C04F79EFBC}") = "SalesAPP.Android", "SalesAPP\SalesAPP.Android\SalesAPP.Android.csproj", "{60788ED4-9958-4F54-93E7-4BB522CD2F6F}"
EndProject
Project("{FAE04EC0-301F-11D3-BF4B-00C04F79EFBC}") = "SalesAPP.iOS", "SalesAPP\SalesAPP.iOS\SalesAPP.iOS.csproj", "{A1D4B9F3-CA7E-4963-AC8A-F63044DB36C8}"
EndProject
Project("{FAE04EC0-301F-11D3-BF4B-00C04F79EFBC}") = "SalesAPP.UWP", "SalesAPP\SalesAPP.UWP\SalesAPP.UWP.csproj", "{69AED08A-28D7-474E-BED1-906D27806660}"
EndProject
Project("{9A19103F-16F7-4668-BE54-9A1E7A4F7556}") = "SalesAPP", "SalesAPP\SalesAPP\SalesAPP.csproj", "{74CAD0D7-7CF5-40CB-A1FD-149C11C2894A}"
EndProject
Project("{FAE04EC0-301F-11D3-BF4B-00C04F79EFBC}") = "Sales.Backend", "Sales.Backend\Sales.Backend.csproj", "{296BE88F-9D01-4865-B544-C2945121FD7E}"
EndProject
Project("{FAE04EC0-301F-11D3-BF4B-00C04F79EFBC}") = "Sales.API", "Sales.API\Sales.API.csproj", "{28047622-A736-487B-A6E7-FEDCE5B8EF24}"
EndProject
Project("{FAE04EC0-301F-11D3-BF4B-00C04F79EFBC}") = "Sales.Common", "Sales.Common\Sales.Common.csproj", "{43DE0DDC-0B65-4B15-BD24-5BD7C7AC95D8}"
EndProject
Project("{FAE04EC0-301F-11D3-BF4B-00C04F79EFBC}") = "Sales.Domain", "Sales.Domain\Sales.Domain.csproj", "{B7D2585C-4D54-4CE3-A3D0-A91B1FFAB6DC}"
EndProject
Global
	GlobalSection(SolutionConfigurationPlatforms) = preSolution
		Ad-Hoc|Any CPU = Ad-Hoc|Any CPU
		Ad-Hoc|ARM = Ad-Hoc|ARM
		Ad-Hoc|iPhone = Ad-Hoc|iPhone
		Ad-Hoc|iPhoneSimulator = Ad-Hoc|iPhoneSimulator
		Ad-Hoc|x64 = Ad-Hoc|x64
		Ad-Hoc|x86 = Ad-Hoc|x86
		AppStore|Any CPU = AppStore|Any CPU
		AppStore|ARM = AppStore|ARM
		AppStore|iPhone = AppStore|iPhone
		AppStore|iPhoneSimulator = AppStore|iPhoneSimulator
		AppStore|x64 = AppStore|x64
		AppStore|x86 = AppStore|x86
		Debug|Any CPU = Debug|Any CPU
		Debug|ARM = Debug|ARM
		Debug|iPhone = Debug|iPhone
		Debug|iPhoneSimulator = Debug|iPhoneSimulator
		Debug|x64 = Debug|x64
		Debug|x86 = Debug|x86
		Release|Any CPU = Release|Any CPU
		Release|ARM = Release|ARM
		Release|iPhone = Release|iPhone
		Release|iPhoneSimulator = Release|iPhoneSimulator
		Release|x64 = Release|x64
		Release|x86 = Release|x86
	EndGlobalSection
	GlobalSection(ProjectConfigurationPlatforms) = postSolution
		{60788ED4-9958-4F54-93E7-4BB522CD2F6F}.Ad-Hoc|Any CPU.ActiveCfg = Release|Any CPU
		{60788ED4-9958-4F54-93E7-4BB522CD2F6F}.Ad-Hoc|Any CPU.Build.0 = Release|Any CPU
		{60788ED4-9958-4F54-93E7-4BB522CD2F6F}.Ad-Hoc|Any CPU.Deploy.0 = Release|Any CPU
		{60788ED4-9958-4F54-93E7-4BB522CD2F6F}.Ad-Hoc|ARM.ActiveCfg = Release|Any CPU
		{60788ED4-9958-4F54-93E7-4BB522CD2F6F}.Ad-Hoc|ARM.Build.0 = Release|Any CPU
		{60788ED4-9958-4F54-93E7-4BB522CD2F6F}.Ad-Hoc|ARM.Deploy.0 = Release|Any CPU
		{60788ED4-9958-4F54-93E7-4BB522CD2F6F}.Ad-Hoc|iPhone.ActiveCfg = Release|Any CPU
		{60788ED4-9958-4F54-93E7-4BB522CD2F6F}.Ad-Hoc|iPhone.Build.0 = Release|Any CPU
		{60788ED4-9958-4F54-93E7-4BB522CD2F6F}.Ad-Hoc|iPhone.Deploy.0 = Release|Any CPU
		{60788ED4-9958-4F54-93E7-4BB522CD2F6F}.Ad-Hoc|iPhoneSimulator.ActiveCfg = Release|Any CPU
		{60788ED4-9958-4F54-93E7-4BB522CD2F6F}.Ad-Hoc|iPhoneSimulator.Build.0 = Release|Any CPU
		{60788ED4-9958-4F54-93E7-4BB522CD2F6F}.Ad-Hoc|iPhoneSimulator.Deploy.0 = Release|Any CPU
		{60788ED4-9958-4F54-93E7-4BB522CD2F6F}.Ad-Hoc|x64.ActiveCfg = Release|Any CPU
		{60788ED4-9958-4F54-93E7-4BB522CD2F6F}.Ad-Hoc|x64.Build.0 = Release|Any CPU
		{60788ED4-9958-4F54-93E7-4BB522CD2F6F}.Ad-Hoc|x64.Deploy.0 = Release|Any CPU
		{60788ED4-9958-4F54-93E7-4BB522CD2F6F}.Ad-Hoc|x86.ActiveCfg = Release|Any CPU
		{60788ED4-9958-4F54-93E7-4BB522CD2F6F}.Ad-Hoc|x86.Build.0 = Release|Any CPU
		{60788ED4-9958-4F54-93E7-4BB522CD2F6F}.Ad-Hoc|x86.Deploy.0 = Release|Any CPU
		{60788ED4-9958-4F54-93E7-4BB522CD2F6F}.AppStore|Any CPU.ActiveCfg = Release|Any CPU
		{60788ED4-9958-4F54-93E7-4BB522CD2F6F}.AppStore|Any CPU.Build.0 = Release|Any CPU
		{60788ED4-9958-4F54-93E7-4BB522CD2F6F}.AppStore|Any CPU.Deploy.0 = Release|Any CPU
		{60788ED4-9958-4F54-93E7-4BB522CD2F6F}.AppStore|ARM.ActiveCfg = Release|Any CPU
		{60788ED4-9958-4F54-93E7-4BB522CD2F6F}.AppStore|ARM.Build.0 = Release|Any CPU
		{60788ED4-9958-4F54-93E7-4BB522CD2F6F}.AppStore|ARM.Deploy.0 = Release|Any CPU
		{60788ED4-9958-4F54-93E7-4BB522CD2F6F}.AppStore|iPhone.ActiveCfg = Release|Any CPU
		{60788ED4-9958-4F54-93E7-4BB522CD2F6F}.AppStore|iPhone.Build.0 = Release|Any CPU
		{60788ED4-9958-4F54-93E7-4BB522CD2F6F}.AppStore|iPhone.Deploy.0 = Release|Any CPU
		{60788ED4-9958-4F54-93E7-4BB522CD2F6F}.AppStore|iPhoneSimulator.ActiveCfg = Release|Any CPU
		{60788ED4-9958-4F54-93E7-4BB522CD2F6F}.AppStore|iPhoneSimulator.Build.0 = Release|Any CPU
		{60788ED4-9958-4F54-93E7-4BB522CD2F6F}.AppStore|iPhoneSimulator.Deploy.0 = Release|Any CPU
		{60788ED4-9958-4F54-93E7-4BB522CD2F6F}.AppStore|x64.ActiveCfg = Release|Any CPU
		{60788ED4-9958-4F54-93E7-4BB522CD2F6F}.AppStore|x64.Build.0 = Release|Any CPU
		{60788ED4-9958-4F54-93E7-4BB522CD2F6F}.AppStore|x64.Deploy.0 = Release|Any CPU
		{60788ED4-9958-4F54-93E7-4BB522CD2F6F}.AppStore|x86.ActiveCfg = Release|Any CPU
		{60788ED4-9958-4F54-93E7-4BB522CD2F6F}.AppStore|x86.Build.0 = Release|Any CPU
		{60788ED4-9958-4F54-93E7-4BB522CD2F6F}.AppStore|x86.Deploy.0 = Release|Any CPU
		{60788ED4-9958-4F54-93E7-4BB522CD2F6F}.Debug|Any CPU.ActiveCfg = Debug|Any CPU
		{60788ED4-9958-4F54-93E7-4BB522CD2F6F}.Debug|Any CPU.Build.0 = Debug|Any CPU
		{60788ED4-9958-4F54-93E7-4BB522CD2F6F}.Debug|Any CPU.Deploy.0 = Debug|Any CPU
		{60788ED4-9958-4F54-93E7-4BB522CD2F6F}.Debug|ARM.ActiveCfg = Debug|Any CPU
		{60788ED4-9958-4F54-93E7-4BB522CD2F6F}.Debug|ARM.Build.0 = Debug|Any CPU
		{60788ED4-9958-4F54-93E7-4BB522CD2F6F}.Debug|ARM.Deploy.0 = Debug|Any CPU
		{60788ED4-9958-4F54-93E7-4BB522CD2F6F}.Debug|iPhone.ActiveCfg = Debug|Any CPU
		{60788ED4-9958-4F54-93E7-4BB522CD2F6F}.Debug|iPhone.Build.0 = Debug|Any CPU
		{60788ED4-9958-4F54-93E7-4BB522CD2F6F}.Debug|iPhone.Deploy.0 = Debug|Any CPU
		{60788ED4-9958-4F54-93E7-4BB522CD2F6F}.Debug|iPhoneSimulator.ActiveCfg = Debug|Any CPU
		{60788ED4-9958-4F54-93E7-4BB522CD2F6F}.Debug|iPhoneSimulator.Build.0 = Debug|Any CPU
		{60788ED4-9958-4F54-93E7-4BB522CD2F6F}.Debug|iPhoneSimulator.Deploy.0 = Debug|Any CPU
		{60788ED4-9958-4F54-93E7-4BB522CD2F6F}.Debug|x64.ActiveCfg = Debug|Any CPU
		{60788ED4-9958-4F54-93E7-4BB522CD2F6F}.Debug|x64.Build.0 = Debug|Any CPU
		{60788ED4-9958-4F54-93E7-4BB522CD2F6F}.Debug|x64.Deploy.0 = Debug|Any CPU
		{60788ED4-9958-4F54-93E7-4BB522CD2F6F}.Debug|x86.ActiveCfg = Debug|Any CPU
		{60788ED4-9958-4F54-93E7-4BB522CD2F6F}.Debug|x86.Build.0 = Debug|Any CPU
		{60788ED4-9958-4F54-93E7-4BB522CD2F6F}.Debug|x86.Deploy.0 = Debug|Any CPU
		{60788ED4-9958-4F54-93E7-4BB522CD2F6F}.Release|Any CPU.ActiveCfg = Release|Any CPU
		{60788ED4-9958-4F54-93E7-4BB522CD2F6F}.Release|Any CPU.Build.0 = Release|Any CPU
		{60788ED4-9958-4F54-93E7-4BB522CD2F6F}.Release|Any CPU.Deploy.0 = Release|Any CPU
		{60788ED4-9958-4F54-93E7-4BB522CD2F6F}.Release|ARM.ActiveCfg = Release|Any CPU
		{60788ED4-9958-4F54-93E7-4BB522CD2F6F}.Release|ARM.Build.0 = Release|Any CPU
		{60788ED4-9958-4F54-93E7-4BB522CD2F6F}.Release|ARM.Deploy.0 = Release|Any CPU
		{60788ED4-9958-4F54-93E7-4BB522CD2F6F}.Release|iPhone.ActiveCfg = Release|Any CPU
		{60788ED4-9958-4F54-93E7-4BB522CD2F6F}.Release|iPhone.Build.0 = Release|Any CPU
		{60788ED4-9958-4F54-93E7-4BB522CD2F6F}.Release|iPhone.Deploy.0 = Release|Any CPU
		{60788ED4-9958-4F54-93E7-4BB522CD2F6F}.Release|iPhoneSimulator.ActiveCfg = Release|Any CPU
		{60788ED4-9958-4F54-93E7-4BB522CD2F6F}.Release|iPhoneSimulator.Build.0 = Release|Any CPU
		{60788ED4-9958-4F54-93E7-4BB522CD2F6F}.Release|iPhoneSimulator.Deploy.0 = Release|Any CPU
		{60788ED4-9958-4F54-93E7-4BB522CD2F6F}.Release|x64.ActiveCfg = Release|Any CPU
		{60788ED4-9958-4F54-93E7-4BB522CD2F6F}.Release|x64.Build.0 = Release|Any CPU
		{60788ED4-9958-4F54-93E7-4BB522CD2F6F}.Release|x64.Deploy.0 = Release|Any CPU
		{60788ED4-9958-4F54-93E7-4BB522CD2F6F}.Release|x86.ActiveCfg = Release|Any CPU
		{60788ED4-9958-4F54-93E7-4BB522CD2F6F}.Release|x86.Build.0 = Release|Any CPU
		{60788ED4-9958-4F54-93E7-4BB522CD2F6F}.Release|x86.Deploy.0 = Release|Any CPU
		{A1D4B9F3-CA7E-4963-AC8A-F63044DB36C8}.Ad-Hoc|Any CPU.ActiveCfg = Ad-Hoc|iPhone
		{A1D4B9F3-CA7E-4963-AC8A-F63044DB36C8}.Ad-Hoc|ARM.ActiveCfg = Ad-Hoc|iPhone
		{A1D4B9F3-CA7E-4963-AC8A-F63044DB36C8}.Ad-Hoc|iPhone.ActiveCfg = Ad-Hoc|iPhone
		{A1D4B9F3-CA7E-4963-AC8A-F63044DB36C8}.Ad-Hoc|iPhone.Build.0 = Ad-Hoc|iPhone
		{A1D4B9F3-CA7E-4963-AC8A-F63044DB36C8}.Ad-Hoc|iPhoneSimulator.ActiveCfg = Ad-Hoc|iPhoneSimulator
		{A1D4B9F3-CA7E-4963-AC8A-F63044DB36C8}.Ad-Hoc|iPhoneSimulator.Build.0 = Ad-Hoc|iPhoneSimulator
		{A1D4B9F3-CA7E-4963-AC8A-F63044DB36C8}.Ad-Hoc|x64.ActiveCfg = Ad-Hoc|iPhone
		{A1D4B9F3-CA7E-4963-AC8A-F63044DB36C8}.Ad-Hoc|x86.ActiveCfg = Ad-Hoc|iPhone
		{A1D4B9F3-CA7E-4963-AC8A-F63044DB36C8}.AppStore|Any CPU.ActiveCfg = AppStore|iPhone
		{A1D4B9F3-CA7E-4963-AC8A-F63044DB36C8}.AppStore|ARM.ActiveCfg = AppStore|iPhone
		{A1D4B9F3-CA7E-4963-AC8A-F63044DB36C8}.AppStore|iPhone.ActiveCfg = AppStore|iPhone
		{A1D4B9F3-CA7E-4963-AC8A-F63044DB36C8}.AppStore|iPhone.Build.0 = AppStore|iPhone
		{A1D4B9F3-CA7E-4963-AC8A-F63044DB36C8}.AppStore|iPhoneSimulator.ActiveCfg = AppStore|iPhoneSimulator
		{A1D4B9F3-CA7E-4963-AC8A-F63044DB36C8}.AppStore|iPhoneSimulator.Build.0 = AppStore|iPhoneSimulator
		{A1D4B9F3-CA7E-4963-AC8A-F63044DB36C8}.AppStore|x64.ActiveCfg = AppStore|iPhone
		{A1D4B9F3-CA7E-4963-AC8A-F63044DB36C8}.AppStore|x86.ActiveCfg = AppStore|iPhone
		{A1D4B9F3-CA7E-4963-AC8A-F63044DB36C8}.Debug|Any CPU.ActiveCfg = Debug|iPhone
		{A1D4B9F3-CA7E-4963-AC8A-F63044DB36C8}.Debug|ARM.ActiveCfg = Debug|iPhone
		{A1D4B9F3-CA7E-4963-AC8A-F63044DB36C8}.Debug|iPhone.ActiveCfg = Debug|iPhone
		{A1D4B9F3-CA7E-4963-AC8A-F63044DB36C8}.Debug|iPhone.Build.0 = Debug|iPhone
		{A1D4B9F3-CA7E-4963-AC8A-F63044DB36C8}.Debug|iPhoneSimulator.ActiveCfg = Debug|iPhoneSimulator
		{A1D4B9F3-CA7E-4963-AC8A-F63044DB36C8}.Debug|iPhoneSimulator.Build.0 = Debug|iPhoneSimulator
		{A1D4B9F3-CA7E-4963-AC8A-F63044DB36C8}.Debug|x64.ActiveCfg = Debug|iPhone
		{A1D4B9F3-CA7E-4963-AC8A-F63044DB36C8}.Debug|x86.ActiveCfg = Debug|iPhone
		{A1D4B9F3-CA7E-4963-AC8A-F63044DB36C8}.Release|Any CPU.ActiveCfg = Release|iPhone
		{A1D4B9F3-CA7E-4963-AC8A-F63044DB36C8}.Release|ARM.ActiveCfg = Release|iPhone
		{A1D4B9F3-CA7E-4963-AC8A-F63044DB36C8}.Release|iPhone.ActiveCfg = Release|iPhone
		{A1D4B9F3-CA7E-4963-AC8A-F63044DB36C8}.Release|iPhone.Build.0 = Release|iPhone
		{A1D4B9F3-CA7E-4963-AC8A-F63044DB36C8}.Release|iPhoneSimulator.ActiveCfg = Release|iPhoneSimulator
		{A1D4B9F3-CA7E-4963-AC8A-F63044DB36C8}.Release|iPhoneSimulator.Build.0 = Release|iPhoneSimulator
		{A1D4B9F3-CA7E-4963-AC8A-F63044DB36C8}.Release|x64.ActiveCfg = Release|iPhone
		{A1D4B9F3-CA7E-4963-AC8A-F63044DB36C8}.Release|x86.ActiveCfg = Release|iPhone
		{69AED08A-28D7-474E-BED1-906D27806660}.Ad-Hoc|Any CPU.ActiveCfg = Release|x86
		{69AED08A-28D7-474E-BED1-906D27806660}.Ad-Hoc|Any CPU.Build.0 = Release|x86
		{69AED08A-28D7-474E-BED1-906D27806660}.Ad-Hoc|Any CPU.Deploy.0 = Release|x86
		{69AED08A-28D7-474E-BED1-906D27806660}.Ad-Hoc|ARM.ActiveCfg = Release|ARM
		{69AED08A-28D7-474E-BED1-906D27806660}.Ad-Hoc|ARM.Build.0 = Release|ARM
		{69AED08A-28D7-474E-BED1-906D27806660}.Ad-Hoc|ARM.Deploy.0 = Release|ARM
		{69AED08A-28D7-474E-BED1-906D27806660}.Ad-Hoc|iPhone.ActiveCfg = Release|x86
		{69AED08A-28D7-474E-BED1-906D27806660}.Ad-Hoc|iPhone.Build.0 = Release|x86
		{69AED08A-28D7-474E-BED1-906D27806660}.Ad-Hoc|iPhone.Deploy.0 = Release|x86
		{69AED08A-28D7-474E-BED1-906D27806660}.Ad-Hoc|iPhoneSimulator.ActiveCfg = Release|x86
		{69AED08A-28D7-474E-BED1-906D27806660}.Ad-Hoc|iPhoneSimulator.Build.0 = Release|x86
		{69AED08A-28D7-474E-BED1-906D27806660}.Ad-Hoc|iPhoneSimulator.Deploy.0 = Release|x86
		{69AED08A-28D7-474E-BED1-906D27806660}.Ad-Hoc|x64.ActiveCfg = Release|x64
		{69AED08A-28D7-474E-BED1-906D27806660}.Ad-Hoc|x64.Build.0 = Release|x64
		{69AED08A-28D7-474E-BED1-906D27806660}.Ad-Hoc|x64.Deploy.0 = Release|x64
		{69AED08A-28D7-474E-BED1-906D27806660}.Ad-Hoc|x86.ActiveCfg = Release|x86
		{69AED08A-28D7-474E-BED1-906D27806660}.Ad-Hoc|x86.Build.0 = Release|x86
		{69AED08A-28D7-474E-BED1-906D27806660}.Ad-Hoc|x86.Deploy.0 = Release|x86
		{69AED08A-28D7-474E-BED1-906D27806660}.AppStore|Any CPU.ActiveCfg = Release|x86
		{69AED08A-28D7-474E-BED1-906D27806660}.AppStore|Any CPU.Build.0 = Release|x86
		{69AED08A-28D7-474E-BED1-906D27806660}.AppStore|Any CPU.Deploy.0 = Release|x86
		{69AED08A-28D7-474E-BED1-906D27806660}.AppStore|ARM.ActiveCfg = Release|ARM
		{69AED08A-28D7-474E-BED1-906D27806660}.AppStore|ARM.Build.0 = Release|ARM
		{69AED08A-28D7-474E-BED1-906D27806660}.AppStore|ARM.Deploy.0 = Release|ARM
		{69AED08A-28D7-474E-BED1-906D27806660}.AppStore|iPhone.ActiveCfg = Release|x86
		{69AED08A-28D7-474E-BED1-906D27806660}.AppStore|iPhone.Build.0 = Release|x86
		{69AED08A-28D7-474E-BED1-906D27806660}.AppStore|iPhone.Deploy.0 = Release|x86
		{69AED08A-28D7-474E-BED1-906D27806660}.AppStore|iPhoneSimulator.ActiveCfg = Release|x86
		{69AED08A-28D7-474E-BED1-906D27806660}.AppStore|iPhoneSimulator.Build.0 = Release|x86
		{69AED08A-28D7-474E-BED1-906D27806660}.AppStore|iPhoneSimulator.Deploy.0 = Release|x86
		{69AED08A-28D7-474E-BED1-906D27806660}.AppStore|x64.ActiveCfg = Release|x64
		{69AED08A-28D7-474E-BED1-906D27806660}.AppStore|x64.Build.0 = Release|x64
		{69AED08A-28D7-474E-BED1-906D27806660}.AppStore|x64.Deploy.0 = Release|x64
		{69AED08A-28D7-474E-BED1-906D27806660}.AppStore|x86.ActiveCfg = Release|x86
		{69AED08A-28D7-474E-BED1-906D27806660}.AppStore|x86.Build.0 = Release|x86
		{69AED08A-28D7-474E-BED1-906D27806660}.AppStore|x86.Deploy.0 = Release|x86
		{69AED08A-28D7-474E-BED1-906D27806660}.Debug|Any CPU.ActiveCfg = Debug|x86
		{69AED08A-28D7-474E-BED1-906D27806660}.Debug|ARM.ActiveCfg = Debug|ARM
		{69AED08A-28D7-474E-BED1-906D27806660}.Debug|ARM.Build.0 = Debug|ARM
		{69AED08A-28D7-474E-BED1-906D27806660}.Debug|ARM.Deploy.0 = Debug|ARM
		{69AED08A-28D7-474E-BED1-906D27806660}.Debug|iPhone.ActiveCfg = Debug|x86
		{69AED08A-28D7-474E-BED1-906D27806660}.Debug|iPhoneSimulator.ActiveCfg = Debug|x86
		{69AED08A-28D7-474E-BED1-906D27806660}.Debug|x64.ActiveCfg = Debug|x64
		{69AED08A-28D7-474E-BED1-906D27806660}.Debug|x64.Build.0 = Debug|x64
		{69AED08A-28D7-474E-BED1-906D27806660}.Debug|x64.Deploy.0 = Debug|x64
		{69AED08A-28D7-474E-BED1-906D27806660}.Debug|x86.ActiveCfg = Debug|x86
		{69AED08A-28D7-474E-BED1-906D27806660}.Debug|x86.Build.0 = Debug|x86
		{69AED08A-28D7-474E-BED1-906D27806660}.Debug|x86.Deploy.0 = Debug|x86
		{69AED08A-28D7-474E-BED1-906D27806660}.Release|Any CPU.ActiveCfg = Release|x86
		{69AED08A-28D7-474E-BED1-906D27806660}.Release|ARM.ActiveCfg = Release|ARM
		{69AED08A-28D7-474E-BED1-906D27806660}.Release|ARM.Build.0 = Release|ARM
		{69AED08A-28D7-474E-BED1-906D27806660}.Release|ARM.Deploy.0 = Release|ARM
		{69AED08A-28D7-474E-BED1-906D27806660}.Release|iPhone.ActiveCfg = Release|x86
		{69AED08A-28D7-474E-BED1-906D27806660}.Release|iPhoneSimulator.ActiveCfg = Release|x86
		{69AED08A-28D7-474E-BED1-906D27806660}.Release|x64.ActiveCfg = Release|x64
		{69AED08A-28D7-474E-BED1-906D27806660}.Release|x64.Build.0 = Release|x64
		{69AED08A-28D7-474E-BED1-906D27806660}.Release|x64.Deploy.0 = Release|x64
		{69AED08A-28D7-474E-BED1-906D27806660}.Release|x86.ActiveCfg = Release|x86
		{69AED08A-28D7-474E-BED1-906D27806660}.Release|x86.Build.0 = Release|x86
		{69AED08A-28D7-474E-BED1-906D27806660}.Release|x86.Deploy.0 = Release|x86
		{74CAD0D7-7CF5-40CB-A1FD-149C11C2894A}.Ad-Hoc|Any CPU.ActiveCfg = Debug|Any CPU
		{74CAD0D7-7CF5-40CB-A1FD-149C11C2894A}.Ad-Hoc|Any CPU.Build.0 = Debug|Any CPU
		{74CAD0D7-7CF5-40CB-A1FD-149C11C2894A}.Ad-Hoc|ARM.ActiveCfg = Debug|Any CPU
		{74CAD0D7-7CF5-40CB-A1FD-149C11C2894A}.Ad-Hoc|ARM.Build.0 = Debug|Any CPU
		{74CAD0D7-7CF5-40CB-A1FD-149C11C2894A}.Ad-Hoc|iPhone.ActiveCfg = Debug|Any CPU
		{74CAD0D7-7CF5-40CB-A1FD-149C11C2894A}.Ad-Hoc|iPhone.Build.0 = Debug|Any CPU
		{74CAD0D7-7CF5-40CB-A1FD-149C11C2894A}.Ad-Hoc|iPhoneSimulator.ActiveCfg = Debug|Any CPU
		{74CAD0D7-7CF5-40CB-A1FD-149C11C2894A}.Ad-Hoc|iPhoneSimulator.Build.0 = Debug|Any CPU
		{74CAD0D7-7CF5-40CB-A1FD-149C11C2894A}.Ad-Hoc|x64.ActiveCfg = Debug|Any CPU
		{74CAD0D7-7CF5-40CB-A1FD-149C11C2894A}.Ad-Hoc|x64.Build.0 = Debug|Any CPU
		{74CAD0D7-7CF5-40CB-A1FD-149C11C2894A}.Ad-Hoc|x86.ActiveCfg = Debug|Any CPU
		{74CAD0D7-7CF5-40CB-A1FD-149C11C2894A}.Ad-Hoc|x86.Build.0 = Debug|Any CPU
		{74CAD0D7-7CF5-40CB-A1FD-149C11C2894A}.AppStore|Any CPU.ActiveCfg = Debug|Any CPU
		{74CAD0D7-7CF5-40CB-A1FD-149C11C2894A}.AppStore|Any CPU.Build.0 = Debug|Any CPU
		{74CAD0D7-7CF5-40CB-A1FD-149C11C2894A}.AppStore|ARM.ActiveCfg = Debug|Any CPU
		{74CAD0D7-7CF5-40CB-A1FD-149C11C2894A}.AppStore|ARM.Build.0 = Debug|Any CPU
		{74CAD0D7-7CF5-40CB-A1FD-149C11C2894A}.AppStore|iPhone.ActiveCfg = Debug|Any CPU
		{74CAD0D7-7CF5-40CB-A1FD-149C11C2894A}.AppStore|iPhone.Build.0 = Debug|Any CPU
		{74CAD0D7-7CF5-40CB-A1FD-149C11C2894A}.AppStore|iPhoneSimulator.ActiveCfg = Debug|Any CPU
		{74CAD0D7-7CF5-40CB-A1FD-149C11C2894A}.AppStore|iPhoneSimulator.Build.0 = Debug|Any CPU
		{74CAD0D7-7CF5-40CB-A1FD-149C11C2894A}.AppStore|x64.ActiveCfg = Debug|Any CPU
		{74CAD0D7-7CF5-40CB-A1FD-149C11C2894A}.AppStore|x64.Build.0 = Debug|Any CPU
		{74CAD0D7-7CF5-40CB-A1FD-149C11C2894A}.AppStore|x86.ActiveCfg = Debug|Any CPU
		{74CAD0D7-7CF5-40CB-A1FD-149C11C2894A}.AppStore|x86.Build.0 = Debug|Any CPU
		{74CAD0D7-7CF5-40CB-A1FD-149C11C2894A}.Debug|Any CPU.ActiveCfg = Debug|Any CPU
		{74CAD0D7-7CF5-40CB-A1FD-149C11C2894A}.Debug|Any CPU.Build.0 = Debug|Any CPU
		{74CAD0D7-7CF5-40CB-A1FD-149C11C2894A}.Debug|ARM.ActiveCfg = Debug|Any CPU
		{74CAD0D7-7CF5-40CB-A1FD-149C11C2894A}.Debug|ARM.Build.0 = Debug|Any CPU
		{74CAD0D7-7CF5-40CB-A1FD-149C11C2894A}.Debug|iPhone.ActiveCfg = Debug|Any CPU
		{74CAD0D7-7CF5-40CB-A1FD-149C11C2894A}.Debug|iPhone.Build.0 = Debug|Any CPU
		{74CAD0D7-7CF5-40CB-A1FD-149C11C2894A}.Debug|iPhoneSimulator.ActiveCfg = Debug|Any CPU
		{74CAD0D7-7CF5-40CB-A1FD-149C11C2894A}.Debug|iPhoneSimulator.Build.0 = Debug|Any CPU
		{74CAD0D7-7CF5-40CB-A1FD-149C11C2894A}.Debug|x64.ActiveCfg = Debug|Any CPU
		{74CAD0D7-7CF5-40CB-A1FD-149C11C2894A}.Debug|x64.Build.0 = Debug|Any CPU
		{74CAD0D7-7CF5-40CB-A1FD-149C11C2894A}.Debug|x86.ActiveCfg = Debug|Any CPU
		{74CAD0D7-7CF5-40CB-A1FD-149C11C2894A}.Debug|x86.Build.0 = Debug|Any CPU
		{74CAD0D7-7CF5-40CB-A1FD-149C11C2894A}.Release|Any CPU.ActiveCfg = Release|Any CPU
		{74CAD0D7-7CF5-40CB-A1FD-149C11C2894A}.Release|Any CPU.Build.0 = Release|Any CPU
		{74CAD0D7-7CF5-40CB-A1FD-149C11C2894A}.Release|ARM.ActiveCfg = Release|Any CPU
		{74CAD0D7-7CF5-40CB-A1FD-149C11C2894A}.Release|ARM.Build.0 = Release|Any CPU
		{74CAD0D7-7CF5-40CB-A1FD-149C11C2894A}.Release|iPhone.ActiveCfg = Release|Any CPU
		{74CAD0D7-7CF5-40CB-A1FD-149C11C2894A}.Release|iPhone.Build.0 = Release|Any CPU
		{74CAD0D7-7CF5-40CB-A1FD-149C11C2894A}.Release|iPhoneSimulator.ActiveCfg = Release|Any CPU
		{74CAD0D7-7CF5-40CB-A1FD-149C11C2894A}.Release|iPhoneSimulator.Build.0 = Release|Any CPU
		{74CAD0D7-7CF5-40CB-A1FD-149C11C2894A}.Release|x64.ActiveCfg = Release|Any CPU
		{74CAD0D7-7CF5-40CB-A1FD-149C11C2894A}.Release|x64.Build.0 = Release|Any CPU
		{74CAD0D7-7CF5-40CB-A1FD-149C11C2894A}.Release|x86.ActiveCfg = Release|Any CPU
		{74CAD0D7-7CF5-40CB-A1FD-149C11C2894A}.Release|x86.Build.0 = Release|Any CPU
		{296BE88F-9D01-4865-B544-C2945121FD7E}.Ad-Hoc|Any CPU.ActiveCfg = Release|Any CPU
		{296BE88F-9D01-4865-B544-C2945121FD7E}.Ad-Hoc|Any CPU.Build.0 = Release|Any CPU
		{296BE88F-9D01-4865-B544-C2945121FD7E}.Ad-Hoc|ARM.ActiveCfg = Release|Any CPU
		{296BE88F-9D01-4865-B544-C2945121FD7E}.Ad-Hoc|ARM.Build.0 = Release|Any CPU
		{296BE88F-9D01-4865-B544-C2945121FD7E}.Ad-Hoc|iPhone.ActiveCfg = Release|Any CPU
		{296BE88F-9D01-4865-B544-C2945121FD7E}.Ad-Hoc|iPhone.Build.0 = Release|Any CPU
		{296BE88F-9D01-4865-B544-C2945121FD7E}.Ad-Hoc|iPhoneSimulator.ActiveCfg = Release|Any CPU
		{296BE88F-9D01-4865-B544-C2945121FD7E}.Ad-Hoc|iPhoneSimulator.Build.0 = Release|Any CPU
		{296BE88F-9D01-4865-B544-C2945121FD7E}.Ad-Hoc|x64.ActiveCfg = Release|Any CPU
		{296BE88F-9D01-4865-B544-C2945121FD7E}.Ad-Hoc|x64.Build.0 = Release|Any CPU
		{296BE88F-9D01-4865-B544-C2945121FD7E}.Ad-Hoc|x86.ActiveCfg = Release|Any CPU
		{296BE88F-9D01-4865-B544-C2945121FD7E}.Ad-Hoc|x86.Build.0 = Release|Any CPU
		{296BE88F-9D01-4865-B544-C2945121FD7E}.AppStore|Any CPU.ActiveCfg = Release|Any CPU
		{296BE88F-9D01-4865-B544-C2945121FD7E}.AppStore|Any CPU.Build.0 = Release|Any CPU
		{296BE88F-9D01-4865-B544-C2945121FD7E}.AppStore|ARM.ActiveCfg = Release|Any CPU
		{296BE88F-9D01-4865-B544-C2945121FD7E}.AppStore|ARM.Build.0 = Release|Any CPU
		{296BE88F-9D01-4865-B544-C2945121FD7E}.AppStore|iPhone.ActiveCfg = Release|Any CPU
		{296BE88F-9D01-4865-B544-C2945121FD7E}.AppStore|iPhone.Build.0 = Release|Any CPU
		{296BE88F-9D01-4865-B544-C2945121FD7E}.AppStore|iPhoneSimulator.ActiveCfg = Release|Any CPU
		{296BE88F-9D01-4865-B544-C2945121FD7E}.AppStore|iPhoneSimulator.Build.0 = Release|Any CPU
		{296BE88F-9D01-4865-B544-C2945121FD7E}.AppStore|x64.ActiveCfg = Release|Any CPU
		{296BE88F-9D01-4865-B544-C2945121FD7E}.AppStore|x64.Build.0 = Release|Any CPU
		{296BE88F-9D01-4865-B544-C2945121FD7E}.AppStore|x86.ActiveCfg = Release|Any CPU
		{296BE88F-9D01-4865-B544-C2945121FD7E}.AppStore|x86.Build.0 = Release|Any CPU
		{296BE88F-9D01-4865-B544-C2945121FD7E}.Debug|Any CPU.ActiveCfg = Debug|Any CPU
		{296BE88F-9D01-4865-B544-C2945121FD7E}.Debug|Any CPU.Build.0 = Debug|Any CPU
		{296BE88F-9D01-4865-B544-C2945121FD7E}.Debug|ARM.ActiveCfg = Debug|Any CPU
		{296BE88F-9D01-4865-B544-C2945121FD7E}.Debug|ARM.Build.0 = Debug|Any CPU
		{296BE88F-9D01-4865-B544-C2945121FD7E}.Debug|iPhone.ActiveCfg = Debug|Any CPU
		{296BE88F-9D01-4865-B544-C2945121FD7E}.Debug|iPhone.Build.0 = Debug|Any CPU
		{296BE88F-9D01-4865-B544-C2945121FD7E}.Debug|iPhoneSimulator.ActiveCfg = Debug|Any CPU
		{296BE88F-9D01-4865-B544-C2945121FD7E}.Debug|iPhoneSimulator.Build.0 = Debug|Any CPU
		{296BE88F-9D01-4865-B544-C2945121FD7E}.Debug|x64.ActiveCfg = Debug|Any CPU
		{296BE88F-9D01-4865-B544-C2945121FD7E}.Debug|x64.Build.0 = Debug|Any CPU
		{296BE88F-9D01-4865-B544-C2945121FD7E}.Debug|x86.ActiveCfg = Debug|Any CPU
		{296BE88F-9D01-4865-B544-C2945121FD7E}.Debug|x86.Build.0 = Debug|Any CPU
		{296BE88F-9D01-4865-B544-C2945121FD7E}.Release|Any CPU.ActiveCfg = Release|Any CPU
		{296BE88F-9D01-4865-B544-C2945121FD7E}.Release|Any CPU.Build.0 = Release|Any CPU
		{296BE88F-9D01-4865-B544-C2945121FD7E}.Release|ARM.ActiveCfg = Release|Any CPU
		{296BE88F-9D01-4865-B544-C2945121FD7E}.Release|ARM.Build.0 = Release|Any CPU
		{296BE88F-9D01-4865-B544-C2945121FD7E}.Release|iPhone.ActiveCfg = Release|Any CPU
		{296BE88F-9D01-4865-B544-C2945121FD7E}.Release|iPhone.Build.0 = Release|Any CPU
		{296BE88F-9D01-4865-B544-C2945121FD7E}.Release|iPhoneSimulator.ActiveCfg = Release|Any CPU
		{296BE88F-9D01-4865-B544-C2945121FD7E}.Release|iPhoneSimulator.Build.0 = Release|Any CPU
		{296BE88F-9D01-4865-B544-C2945121FD7E}.Release|x64.ActiveCfg = Release|Any CPU
		{296BE88F-9D01-4865-B544-C2945121FD7E}.Release|x64.Build.0 = Release|Any CPU
		{296BE88F-9D01-4865-B544-C2945121FD7E}.Release|x86.ActiveCfg = Release|Any CPU
		{296BE88F-9D01-4865-B544-C2945121FD7E}.Release|x86.Build.0 = Release|Any CPU
		{28047622-A736-487B-A6E7-FEDCE5B8EF24}.Ad-Hoc|Any CPU.ActiveCfg = Release|Any CPU
		{28047622-A736-487B-A6E7-FEDCE5B8EF24}.Ad-Hoc|Any CPU.Build.0 = Release|Any CPU
		{28047622-A736-487B-A6E7-FEDCE5B8EF24}.Ad-Hoc|ARM.ActiveCfg = Release|Any CPU
		{28047622-A736-487B-A6E7-FEDCE5B8EF24}.Ad-Hoc|ARM.Build.0 = Release|Any CPU
		{28047622-A736-487B-A6E7-FEDCE5B8EF24}.Ad-Hoc|iPhone.ActiveCfg = Release|Any CPU
		{28047622-A736-487B-A6E7-FEDCE5B8EF24}.Ad-Hoc|iPhone.Build.0 = Release|Any CPU
		{28047622-A736-487B-A6E7-FEDCE5B8EF24}.Ad-Hoc|iPhoneSimulator.ActiveCfg = Release|Any CPU
		{28047622-A736-487B-A6E7-FEDCE5B8EF24}.Ad-Hoc|iPhoneSimulator.Build.0 = Release|Any CPU
		{28047622-A736-487B-A6E7-FEDCE5B8EF24}.Ad-Hoc|x64.ActiveCfg = Release|Any CPU
		{28047622-A736-487B-A6E7-FEDCE5B8EF24}.Ad-Hoc|x64.Build.0 = Release|Any CPU
		{28047622-A736-487B-A6E7-FEDCE5B8EF24}.Ad-Hoc|x86.ActiveCfg = Release|Any CPU
		{28047622-A736-487B-A6E7-FEDCE5B8EF24}.Ad-Hoc|x86.Build.0 = Release|Any CPU
		{28047622-A736-487B-A6E7-FEDCE5B8EF24}.AppStore|Any CPU.ActiveCfg = Release|Any CPU
		{28047622-A736-487B-A6E7-FEDCE5B8EF24}.AppStore|Any CPU.Build.0 = Release|Any CPU
		{28047622-A736-487B-A6E7-FEDCE5B8EF24}.AppStore|ARM.ActiveCfg = Release|Any CPU
		{28047622-A736-487B-A6E7-FEDCE5B8EF24}.AppStore|ARM.Build.0 = Release|Any CPU
		{28047622-A736-487B-A6E7-FEDCE5B8EF24}.AppStore|iPhone.ActiveCfg = Release|Any CPU
		{28047622-A736-487B-A6E7-FEDCE5B8EF24}.AppStore|iPhone.Build.0 = Release|Any CPU
		{28047622-A736-487B-A6E7-FEDCE5B8EF24}.AppStore|iPhoneSimulator.ActiveCfg = Release|Any CPU
		{28047622-A736-487B-A6E7-FEDCE5B8EF24}.AppStore|iPhoneSimulator.Build.0 = Release|Any CPU
		{28047622-A736-487B-A6E7-FEDCE5B8EF24}.AppStore|x64.ActiveCfg = Release|Any CPU
		{28047622-A736-487B-A6E7-FEDCE5B8EF24}.AppStore|x64.Build.0 = Release|Any CPU
		{28047622-A736-487B-A6E7-FEDCE5B8EF24}.AppStore|x86.ActiveCfg = Release|Any CPU
		{28047622-A736-487B-A6E7-FEDCE5B8EF24}.AppStore|x86.Build.0 = Release|Any CPU
		{28047622-A736-487B-A6E7-FEDCE5B8EF24}.Debug|Any CPU.ActiveCfg = Debug|Any CPU
		{28047622-A736-487B-A6E7-FEDCE5B8EF24}.Debug|Any CPU.Build.0 = Debug|Any CPU
		{28047622-A736-487B-A6E7-FEDCE5B8EF24}.Debug|ARM.ActiveCfg = Debug|Any CPU
		{28047622-A736-487B-A6E7-FEDCE5B8EF24}.Debug|ARM.Build.0 = Debug|Any CPU
		{28047622-A736-487B-A6E7-FEDCE5B8EF24}.Debug|iPhone.ActiveCfg = Debug|Any CPU
		{28047622-A736-487B-A6E7-FEDCE5B8EF24}.Debug|iPhone.Build.0 = Debug|Any CPU
		{28047622-A736-487B-A6E7-FEDCE5B8EF24}.Debug|iPhoneSimulator.ActiveCfg = Debug|Any CPU
		{28047622-A736-487B-A6E7-FEDCE5B8EF24}.Debug|iPhoneSimulator.Build.0 = Debug|Any CPU
		{28047622-A736-487B-A6E7-FEDCE5B8EF24}.Debug|x64.ActiveCfg = Debug|Any CPU
		{28047622-A736-487B-A6E7-FEDCE5B8EF24}.Debug|x64.Build.0 = Debug|Any CPU
		{28047622-A736-487B-A6E7-FEDCE5B8EF24}.Debug|x86.ActiveCfg = Debug|Any CPU
		{28047622-A736-487B-A6E7-FEDCE5B8EF24}.Debug|x86.Build.0 = Debug|Any CPU
		{28047622-A736-487B-A6E7-FEDCE5B8EF24}.Release|Any CPU.ActiveCfg = Release|Any CPU
		{28047622-A736-487B-A6E7-FEDCE5B8EF24}.Release|Any CPU.Build.0 = Release|Any CPU
		{28047622-A736-487B-A6E7-FEDCE5B8EF24}.Release|ARM.ActiveCfg = Release|Any CPU
		{28047622-A736-487B-A6E7-FEDCE5B8EF24}.Release|ARM.Build.0 = Release|Any CPU
		{28047622-A736-487B-A6E7-FEDCE5B8EF24}.Release|iPhone.ActiveCfg = Release|Any CPU
		{28047622-A736-487B-A6E7-FEDCE5B8EF24}.Release|iPhone.Build.0 = Release|Any CPU
		{28047622-A736-487B-A6E7-FEDCE5B8EF24}.Release|iPhoneSimulator.ActiveCfg = Release|Any CPU
		{28047622-A736-487B-A6E7-FEDCE5B8EF24}.Release|iPhoneSimulator.Build.0 = Release|Any CPU
		{28047622-A736-487B-A6E7-FEDCE5B8EF24}.Release|x64.ActiveCfg = Release|Any CPU
		{28047622-A736-487B-A6E7-FEDCE5B8EF24}.Release|x64.Build.0 = Release|Any CPU
		{28047622-A736-487B-A6E7-FEDCE5B8EF24}.Release|x86.ActiveCfg = Release|Any CPU
		{28047622-A736-487B-A6E7-FEDCE5B8EF24}.Release|x86.Build.0 = Release|Any CPU
		{43DE0DDC-0B65-4B15-BD24-5BD7C7AC95D8}.Ad-Hoc|Any CPU.ActiveCfg = Release|Any CPU
		{43DE0DDC-0B65-4B15-BD24-5BD7C7AC95D8}.Ad-Hoc|Any CPU.Build.0 = Release|Any CPU
		{43DE0DDC-0B65-4B15-BD24-5BD7C7AC95D8}.Ad-Hoc|ARM.ActiveCfg = Release|Any CPU
		{43DE0DDC-0B65-4B15-BD24-5BD7C7AC95D8}.Ad-Hoc|ARM.Build.0 = Release|Any CPU
		{43DE0DDC-0B65-4B15-BD24-5BD7C7AC95D8}.Ad-Hoc|iPhone.ActiveCfg = Release|Any CPU
		{43DE0DDC-0B65-4B15-BD24-5BD7C7AC95D8}.Ad-Hoc|iPhone.Build.0 = Release|Any CPU
		{43DE0DDC-0B65-4B15-BD24-5BD7C7AC95D8}.Ad-Hoc|iPhoneSimulator.ActiveCfg = Release|Any CPU
		{43DE0DDC-0B65-4B15-BD24-5BD7C7AC95D8}.Ad-Hoc|iPhoneSimulator.Build.0 = Release|Any CPU
		{43DE0DDC-0B65-4B15-BD24-5BD7C7AC95D8}.Ad-Hoc|x64.ActiveCfg = Release|Any CPU
		{43DE0DDC-0B65-4B15-BD24-5BD7C7AC95D8}.Ad-Hoc|x64.Build.0 = Release|Any CPU
		{43DE0DDC-0B65-4B15-BD24-5BD7C7AC95D8}.Ad-Hoc|x86.ActiveCfg = Release|Any CPU
		{43DE0DDC-0B65-4B15-BD24-5BD7C7AC95D8}.Ad-Hoc|x86.Build.0 = Release|Any CPU
		{43DE0DDC-0B65-4B15-BD24-5BD7C7AC95D8}.AppStore|Any CPU.ActiveCfg = Release|Any CPU
		{43DE0DDC-0B65-4B15-BD24-5BD7C7AC95D8}.AppStore|Any CPU.Build.0 = Release|Any CPU
		{43DE0DDC-0B65-4B15-BD24-5BD7C7AC95D8}.AppStore|ARM.ActiveCfg = Release|Any CPU
		{43DE0DDC-0B65-4B15-BD24-5BD7C7AC95D8}.AppStore|ARM.Build.0 = Release|Any CPU
		{43DE0DDC-0B65-4B15-BD24-5BD7C7AC95D8}.AppStore|iPhone.ActiveCfg = Release|Any CPU
		{43DE0DDC-0B65-4B15-BD24-5BD7C7AC95D8}.AppStore|iPhone.Build.0 = Release|Any CPU
		{43DE0DDC-0B65-4B15-BD24-5BD7C7AC95D8}.AppStore|iPhoneSimulator.ActiveCfg = Release|Any CPU
		{43DE0DDC-0B65-4B15-BD24-5BD7C7AC95D8}.AppStore|iPhoneSimulator.Build.0 = Release|Any CPU
		{43DE0DDC-0B65-4B15-BD24-5BD7C7AC95D8}.AppStore|x64.ActiveCfg = Release|Any CPU
		{43DE0DDC-0B65-4B15-BD24-5BD7C7AC95D8}.AppStore|x64.Build.0 = Release|Any CPU
		{43DE0DDC-0B65-4B15-BD24-5BD7C7AC95D8}.AppStore|x86.ActiveCfg = Release|Any CPU
		{43DE0DDC-0B65-4B15-BD24-5BD7C7AC95D8}.AppStore|x86.Build.0 = Release|Any CPU
		{43DE0DDC-0B65-4B15-BD24-5BD7C7AC95D8}.Debug|Any CPU.ActiveCfg = Debug|Any CPU
		{43DE0DDC-0B65-4B15-BD24-5BD7C7AC95D8}.Debug|Any CPU.Build.0 = Debug|Any CPU
		{43DE0DDC-0B65-4B15-BD24-5BD7C7AC95D8}.Debug|ARM.ActiveCfg = Debug|Any CPU
		{43DE0DDC-0B65-4B15-BD24-5BD7C7AC95D8}.Debug|ARM.Build.0 = Debug|Any CPU
		{43DE0DDC-0B65-4B15-BD24-5BD7C7AC95D8}.Debug|iPhone.ActiveCfg = Debug|Any CPU
		{43DE0DDC-0B65-4B15-BD24-5BD7C7AC95D8}.Debug|iPhone.Build.0 = Debug|Any CPU
		{43DE0DDC-0B65-4B15-BD24-5BD7C7AC95D8}.Debug|iPhoneSimulator.ActiveCfg = Debug|Any CPU
		{43DE0DDC-0B65-4B15-BD24-5BD7C7AC95D8}.Debug|iPhoneSimulator.Build.0 = Debug|Any CPU
		{43DE0DDC-0B65-4B15-BD24-5BD7C7AC95D8}.Debug|x64.ActiveCfg = Debug|Any CPU
		{43DE0DDC-0B65-4B15-BD24-5BD7C7AC95D8}.Debug|x64.Build.0 = Debug|Any CPU
		{43DE0DDC-0B65-4B15-BD24-5BD7C7AC95D8}.Debug|x86.ActiveCfg = Debug|Any CPU
		{43DE0DDC-0B65-4B15-BD24-5BD7C7AC95D8}.Debug|x86.Build.0 = Debug|Any CPU
		{43DE0DDC-0B65-4B15-BD24-5BD7C7AC95D8}.Release|Any CPU.ActiveCfg = Release|Any CPU
		{43DE0DDC-0B65-4B15-BD24-5BD7C7AC95D8}.Release|Any CPU.Build.0 = Release|Any CPU
		{43DE0DDC-0B65-4B15-BD24-5BD7C7AC95D8}.Release|ARM.ActiveCfg = Release|Any CPU
		{43DE0DDC-0B65-4B15-BD24-5BD7C7AC95D8}.Release|ARM.Build.0 = Release|Any CPU
		{43DE0DDC-0B65-4B15-BD24-5BD7C7AC95D8}.Release|iPhone.ActiveCfg = Release|Any CPU
		{43DE0DDC-0B65-4B15-BD24-5BD7C7AC95D8}.Release|iPhone.Build.0 = Release|Any CPU
		{43DE0DDC-0B65-4B15-BD24-5BD7C7AC95D8}.Release|iPhoneSimulator.ActiveCfg = Release|Any CPU
		{43DE0DDC-0B65-4B15-BD24-5BD7C7AC95D8}.Release|iPhoneSimulator.Build.0 = Release|Any CPU
		{43DE0DDC-0B65-4B15-BD24-5BD7C7AC95D8}.Release|x64.ActiveCfg = Release|Any CPU
		{43DE0DDC-0B65-4B15-BD24-5BD7C7AC95D8}.Release|x64.Build.0 = Release|Any CPU
		{43DE0DDC-0B65-4B15-BD24-5BD7C7AC95D8}.Release|x86.ActiveCfg = Release|Any CPU
		{43DE0DDC-0B65-4B15-BD24-5BD7C7AC95D8}.Release|x86.Build.0 = Release|Any CPU
		{B7D2585C-4D54-4CE3-A3D0-A91B1FFAB6DC}.Ad-Hoc|Any CPU.ActiveCfg = Release|Any CPU
		{B7D2585C-4D54-4CE3-A3D0-A91B1FFAB6DC}.Ad-Hoc|Any CPU.Build.0 = Release|Any CPU
		{B7D2585C-4D54-4CE3-A3D0-A91B1FFAB6DC}.Ad-Hoc|ARM.ActiveCfg = Release|Any CPU
		{B7D2585C-4D54-4CE3-A3D0-A91B1FFAB6DC}.Ad-Hoc|ARM.Build.0 = Release|Any CPU
		{B7D2585C-4D54-4CE3-A3D0-A91B1FFAB6DC}.Ad-Hoc|iPhone.ActiveCfg = Release|Any CPU
		{B7D2585C-4D54-4CE3-A3D0-A91B1FFAB6DC}.Ad-Hoc|iPhone.Build.0 = Release|Any CPU
		{B7D2585C-4D54-4CE3-A3D0-A91B1FFAB6DC}.Ad-Hoc|iPhoneSimulator.ActiveCfg = Release|Any CPU
		{B7D2585C-4D54-4CE3-A3D0-A91B1FFAB6DC}.Ad-Hoc|iPhoneSimulator.Build.0 = Release|Any CPU
		{B7D2585C-4D54-4CE3-A3D0-A91B1FFAB6DC}.Ad-Hoc|x64.ActiveCfg = Release|Any CPU
		{B7D2585C-4D54-4CE3-A3D0-A91B1FFAB6DC}.Ad-Hoc|x64.Build.0 = Release|Any CPU
		{B7D2585C-4D54-4CE3-A3D0-A91B1FFAB6DC}.Ad-Hoc|x86.ActiveCfg = Release|Any CPU
		{B7D2585C-4D54-4CE3-A3D0-A91B1FFAB6DC}.Ad-Hoc|x86.Build.0 = Release|Any CPU
		{B7D2585C-4D54-4CE3-A3D0-A91B1FFAB6DC}.AppStore|Any CPU.ActiveCfg = Release|Any CPU
		{B7D2585C-4D54-4CE3-A3D0-A91B1FFAB6DC}.AppStore|Any CPU.Build.0 = Release|Any CPU
		{B7D2585C-4D54-4CE3-A3D0-A91B1FFAB6DC}.AppStore|ARM.ActiveCfg = Release|Any CPU
		{B7D2585C-4D54-4CE3-A3D0-A91B1FFAB6DC}.AppStore|ARM.Build.0 = Release|Any CPU
		{B7D2585C-4D54-4CE3-A3D0-A91B1FFAB6DC}.AppStore|iPhone.ActiveCfg = Release|Any CPU
		{B7D2585C-4D54-4CE3-A3D0-A91B1FFAB6DC}.AppStore|iPhone.Build.0 = Release|Any CPU
		{B7D2585C-4D54-4CE3-A3D0-A91B1FFAB6DC}.AppStore|iPhoneSimulator.ActiveCfg = Release|Any CPU
		{B7D2585C-4D54-4CE3-A3D0-A91B1FFAB6DC}.AppStore|iPhoneSimulator.Build.0 = Release|Any CPU
		{B7D2585C-4D54-4CE3-A3D0-A91B1FFAB6DC}.AppStore|x64.ActiveCfg = Release|Any CPU
		{B7D2585C-4D54-4CE3-A3D0-A91B1FFAB6DC}.AppStore|x64.Build.0 = Release|Any CPU
		{B7D2585C-4D54-4CE3-A3D0-A91B1FFAB6DC}.AppStore|x86.ActiveCfg = Release|Any CPU
		{B7D2585C-4D54-4CE3-A3D0-A91B1FFAB6DC}.AppStore|x86.Build.0 = Release|Any CPU
		{B7D2585C-4D54-4CE3-A3D0-A91B1FFAB6DC}.Debug|Any CPU.ActiveCfg = Debug|Any CPU
		{B7D2585C-4D54-4CE3-A3D0-A91B1FFAB6DC}.Debug|Any CPU.Build.0 = Debug|Any CPU
		{B7D2585C-4D54-4CE3-A3D0-A91B1FFAB6DC}.Debug|ARM.ActiveCfg = Debug|Any CPU
		{B7D2585C-4D54-4CE3-A3D0-A91B1FFAB6DC}.Debug|ARM.Build.0 = Debug|Any CPU
		{B7D2585C-4D54-4CE3-A3D0-A91B1FFAB6DC}.Debug|iPhone.ActiveCfg = Debug|Any CPU
		{B7D2585C-4D54-4CE3-A3D0-A91B1FFAB6DC}.Debug|iPhone.Build.0 = Debug|Any CPU
		{B7D2585C-4D54-4CE3-A3D0-A91B1FFAB6DC}.Debug|iPhoneSimulator.ActiveCfg = Debug|Any CPU
		{B7D2585C-4D54-4CE3-A3D0-A91B1FFAB6DC}.Debug|iPhoneSimulator.Build.0 = Debug|Any CPU
		{B7D2585C-4D54-4CE3-A3D0-A91B1FFAB6DC}.Debug|x64.ActiveCfg = Debug|Any CPU
		{B7D2585C-4D54-4CE3-A3D0-A91B1FFAB6DC}.Debug|x64.Build.0 = Debug|Any CPU
		{B7D2585C-4D54-4CE3-A3D0-A91B1FFAB6DC}.Debug|x86.ActiveCfg = Debug|Any CPU
		{B7D2585C-4D54-4CE3-A3D0-A91B1FFAB6DC}.Debug|x86.Build.0 = Debug|Any CPU
		{B7D2585C-4D54-4CE3-A3D0-A91B1FFAB6DC}.Release|Any CPU.ActiveCfg = Release|Any CPU
		{B7D2585C-4D54-4CE3-A3D0-A91B1FFAB6DC}.Release|Any CPU.Build.0 = Release|Any CPU
		{B7D2585C-4D54-4CE3-A3D0-A91B1FFAB6DC}.Release|ARM.ActiveCfg = Release|Any CPU
		{B7D2585C-4D54-4CE3-A3D0-A91B1FFAB6DC}.Release|ARM.Build.0 = Release|Any CPU
		{B7D2585C-4D54-4CE3-A3D0-A91B1FFAB6DC}.Release|iPhone.ActiveCfg = Release|Any CPU
		{B7D2585C-4D54-4CE3-A3D0-A91B1FFAB6DC}.Release|iPhone.Build.0 = Release|Any CPU
		{B7D2585C-4D54-4CE3-A3D0-A91B1FFAB6DC}.Release|iPhoneSimulator.ActiveCfg = Release|Any CPU
		{B7D2585C-4D54-4CE3-A3D0-A91B1FFAB6DC}.Release|iPhoneSimulator.Build.0 = Release|Any CPU
		{B7D2585C-4D54-4CE3-A3D0-A91B1FFAB6DC}.Release|x64.ActiveCfg = Release|Any CPU
		{B7D2585C-4D54-4CE3-A3D0-A91B1FFAB6DC}.Release|x64.Build.0 = Release|Any CPU
		{B7D2585C-4D54-4CE3-A3D0-A91B1FFAB6DC}.Release|x86.ActiveCfg = Release|Any CPU
		{B7D2585C-4D54-4CE3-A3D0-A91B1FFAB6DC}.Release|x86.Build.0 = Release|Any CPU
	EndGlobalSection
	GlobalSection(SolutionProperties) = preSolution
		HideSolutionNode = FALSE
	EndGlobalSection
	GlobalSection(ExtensibilityGlobals) = postSolution
		SolutionGuid = {1AC5CE74-9D5E-447A-8017-72C9D8D1D72E}
	EndGlobalSection
EndGlobal
